
Microsoft Visual Studio Solution File, Format Version 12.00
# Visual Studio Version 17
VisualStudioVersion = 17.6.33815.320
MinimumVisualStudioVersion = 10.0.40219.1
Project("{FAE04EC0-301F-11D3-BF4B-00C04F79EFBC}") = "Student_RedisTest", "Student_RedisTest.csproj", "{E9F38BE7-6DC5-4142-A943-2CE41DD32511}"
EndProject
Global
	GlobalSection(SolutionConfigurationPlatforms) = preSolution
		Debug|Any CPU = Debug|Any CPU
		Release|Any CPU = Release|Any CPU
	EndGlobalSection
	GlobalSection(ProjectConfigurationPlatforms) = postSolution
		{E9F38BE7-6DC5-4142-A943-2CE41DD32511}.Debug|Any CPU.ActiveCfg = Debug|Any CPU
		{E9F38BE7-6DC5-4142-A943-2CE41DD32511}.Debug|Any CPU.Build.0 = Debug|Any CPU
		{E9F38BE7-6DC5-4142-A943-2CE41DD32511}.Release|Any CPU.ActiveCfg = Release|Any CPU
		{E9F38BE7-6DC5-4142-A943-2CE41DD32511}.Release|Any CPU.Build.0 = Release|Any CPU
	EndGlobalSection
	GlobalSection(SolutionProperties) = preSolution
		HideSolutionNode = FALSE
	EndGlobalSection
	GlobalSection(ExtensibilityGlobals) = postSolution
		SolutionGuid = {76766F8D-A0A2-4C12-8793-282C1538A1F1}
	EndGlobalSection
EndGlobal
